
Microsoft Visual Studio Solution File, Format Version 12.00
# Visual Studio Version 17
VisualStudioVersion = 17.9.34701.34
MinimumVisualStudioVersion = 10.0.40219.1
Project("{FAE04EC0-301F-11D3-BF4B-00C04F79EFBC}") = "MasterKitchen2", "MasterKitchen2\MasterKitchen2.csproj", "{4EF46529-4577-4A2C-826B-FFF5A3F007BA}"
EndProject
Global
	GlobalSection(SolutionConfigurationPlatforms) = preSolution
		Debug|Any CPU = Debug|Any CPU
		Release|Any CPU = Release|Any CPU
	EndGlobalSection
	GlobalSection(ProjectConfigurationPlatforms) = postSolution
		{4EF46529-4577-4A2C-826B-FFF5A3F007BA}.Debug|Any CPU.ActiveCfg = Debug|Any CPU
		{4EF46529-4577-4A2C-826B-FFF5A3F007BA}.Debug|Any CPU.Build.0 = Debug|Any CPU
		{4EF46529-4577-4A2C-826B-FFF5A3F007BA}.Release|Any CPU.ActiveCfg = Release|Any CPU
		{4EF46529-4577-4A2C-826B-FFF5A3F007BA}.Release|Any CPU.Build.0 = Release|Any CPU
	EndGlobalSection
	GlobalSection(SolutionProperties) = preSolution
		HideSolutionNode = FALSE
	EndGlobalSection
	GlobalSection(ExtensibilityGlobals) = postSolution
		SolutionGuid = {FD34824F-595F-483E-B0F2-B28D4234CBE8}
	EndGlobalSection
EndGlobal
