
Microsoft Visual Studio Solution File, Format Version 12.00
# Visual Studio Version 17
VisualStudioVersion = 17.12.35527.113 d17.12
MinimumVisualStudioVersion = 10.0.40219.1
Project("{FAE04EC0-301F-11D3-BF4B-00C04F79EFBC}") = "Claudio2", "Claudio2.csproj", "{D97FF90E-ECA1-46DF-9CE8-4D4AE9E1EA16}"
EndProject
Project("{FAE04EC0-301F-11D3-BF4B-00C04F79EFBC}") = "ex 3", "..\ex 3\ex 3.csproj", "{205E8E17-C10C-47AD-B8AF-7C501D18D6FF}"
EndProject
Project("{FAE04EC0-301F-11D3-BF4B-00C04F79EFBC}") = "ex 4", "..\ex 4\ex 4.csproj", "{5BDA43BF-1D1C-4DFD-8F77-AD1EA29D5627}"
EndProject
Global
	GlobalSection(SolutionConfigurationPlatforms) = preSolution
		Debug|Any CPU = Debug|Any CPU
		Release|Any CPU = Release|Any CPU
	EndGlobalSection
	GlobalSection(ProjectConfigurationPlatforms) = postSolution
		{D97FF90E-ECA1-46DF-9CE8-4D4AE9E1EA16}.Debug|Any CPU.ActiveCfg = Debug|Any CPU
		{D97FF90E-ECA1-46DF-9CE8-4D4AE9E1EA16}.Debug|Any CPU.Build.0 = Debug|Any CPU
		{D97FF90E-ECA1-46DF-9CE8-4D4AE9E1EA16}.Release|Any CPU.ActiveCfg = Release|Any CPU
		{D97FF90E-ECA1-46DF-9CE8-4D4AE9E1EA16}.Release|Any CPU.Build.0 = Release|Any CPU
		{205E8E17-C10C-47AD-B8AF-7C501D18D6FF}.Debug|Any CPU.ActiveCfg = Debug|Any CPU
		{205E8E17-C10C-47AD-B8AF-7C501D18D6FF}.Debug|Any CPU.Build.0 = Debug|Any CPU
		{205E8E17-C10C-47AD-B8AF-7C501D18D6FF}.Release|Any CPU.ActiveCfg = Release|Any CPU
		{205E8E17-C10C-47AD-B8AF-7C501D18D6FF}.Release|Any CPU.Build.0 = Release|Any CPU
		{5BDA43BF-1D1C-4DFD-8F77-AD1EA29D5627}.Debug|Any CPU.ActiveCfg = Debug|Any CPU
		{5BDA43BF-1D1C-4DFD-8F77-AD1EA29D5627}.Debug|Any CPU.Build.0 = Debug|Any CPU
		{5BDA43BF-1D1C-4DFD-8F77-AD1EA29D5627}.Release|Any CPU.ActiveCfg = Release|Any CPU
		{5BDA43BF-1D1C-4DFD-8F77-AD1EA29D5627}.Release|Any CPU.Build.0 = Release|Any CPU
	EndGlobalSection
	GlobalSection(SolutionProperties) = preSolution
		HideSolutionNode = FALSE
	EndGlobalSection
EndGlobal
